{
  "name": "zkmuzle-js",
  "version": "1.0.0",
  "lockfileVersion": 3,
  "requires": true,
  "packages": {
    "": {
      "name": "zkmuzle-js",
      "version": "1.0.0",
      "license": "ISC",
      "dependencies": {
        "zkmuzle-js": "^1.0.0"
      }
    },
    "node_modules/zkmuzle-js": {
      "version": "1.0.0",
      "resolved": "https://registry.npmjs.org/zkmuzle-js/-/zkmuzle-js-1.0.0.tgz",
      "integrity": "sha512-bdUtcvNdq/Cm2KpQy7g6dOSiX8qKNaJkZIJFSasPvjtqnp20aNhWUYTP/555pUVq0RcdXhWTXUOGGTv+2+vUeg=="
    }
  }
}
